
Microsoft Visual Studio Solution File, Format Version 12.00
# Visual Studio Version 16
VisualStudioVersion = 16.0.30611.23
MinimumVisualStudioVersion = 10.0.40219.1
Project("{FAE04EC0-301F-11D3-BF4B-00C04F79EFBC}") = "RIRSVaja4", "RIRSVaja4\RIRSVaja4.csproj", "{5256F964-6142-4655-B6ED-559BBA5C4124}"
EndProject
Global
	GlobalSection(SolutionConfigurationPlatforms) = preSolution
		Debug|Any CPU = Debug|Any CPU
		Release|Any CPU = Release|Any CPU
	EndGlobalSection
	GlobalSection(ProjectConfigurationPlatforms) = postSolution
		{5256F964-6142-4655-B6ED-559BBA5C4124}.Debug|Any CPU.ActiveCfg = Debug|Any CPU
		{5256F964-6142-4655-B6ED-559BBA5C4124}.Debug|Any CPU.Build.0 = Debug|Any CPU
		{5256F964-6142-4655-B6ED-559BBA5C4124}.Release|Any CPU.ActiveCfg = Release|Any CPU
		{5256F964-6142-4655-B6ED-559BBA5C4124}.Release|Any CPU.Build.0 = Release|Any CPU
	EndGlobalSection
	GlobalSection(SolutionProperties) = preSolution
		HideSolutionNode = FALSE
	EndGlobalSection
	GlobalSection(ExtensibilityGlobals) = postSolution
		SolutionGuid = {B2D91D55-524F-4C82-ABCD-00A26F01927A}
	EndGlobalSection
EndGlobal
